
Microsoft Visual Studio Solution File, Format Version 12.00
# Visual Studio Version 17
VisualStudioVersion = 17.9.34723.18
MinimumVisualStudioVersion = 10.0.40219.1
Project("{FAE04EC0-301F-11D3-BF4B-00C04F79EFBC}") = "Cleaner", "source\Cleaner.csproj", "{F04E1C6D-469D-44BC-AD8A-A0AA0FB954E1}"
EndProject
Global
	GlobalSection(SolutionConfigurationPlatforms) = preSolution
		Debug|Any CPU = Debug|Any CPU
		Release|Any CPU = Release|Any CPU
	EndGlobalSection
	GlobalSection(ProjectConfigurationPlatforms) = postSolution
		{F04E1C6D-469D-44BC-AD8A-A0AA0FB954E1}.Debug|Any CPU.ActiveCfg = Debug|Any CPU
		{F04E1C6D-469D-44BC-AD8A-A0AA0FB954E1}.Debug|Any CPU.Build.0 = Debug|Any CPU
		{F04E1C6D-469D-44BC-AD8A-A0AA0FB954E1}.Release|Any CPU.ActiveCfg = Release|Any CPU
		{F04E1C6D-469D-44BC-AD8A-A0AA0FB954E1}.Release|Any CPU.Build.0 = Release|Any CPU
	EndGlobalSection
	GlobalSection(SolutionProperties) = preSolution
		HideSolutionNode = FALSE
	EndGlobalSection
	GlobalSection(ExtensibilityGlobals) = postSolution
		SolutionGuid = {45388D93-060F-494C-8E5C-9058B4D96920}
	EndGlobalSection
EndGlobal
